
Microsoft Visual Studio Solution File, Format Version 12.00
# Visual Studio Version 17
VisualStudioVersion = 17.4.33122.133
MinimumVisualStudioVersion = 10.0.40219.1
Project("{FAE04EC0-301F-11D3-BF4B-00C04F79EFBC}") = "Parking", "Parking\Parking.csproj", "{AC01E768-678E-4CC6-A1E3-1E1D0DE9CDEE}"
EndProject
Project("{9A19103F-16F7-4668-BE54-9A1E7A4F7556}") = "ParkingTests", "ParkingTests\ParkingTests.csproj", "{4478B420-0F70-4FFC-8DE7-0504BC4B6A87}"
EndProject
Global
	GlobalSection(SolutionConfigurationPlatforms) = preSolution
		Debug|Any CPU = Debug|Any CPU
		Release|Any CPU = Release|Any CPU
	EndGlobalSection
	GlobalSection(ProjectConfigurationPlatforms) = postSolution
		{AC01E768-678E-4CC6-A1E3-1E1D0DE9CDEE}.Debug|Any CPU.ActiveCfg = Debug|Any CPU
		{AC01E768-678E-4CC6-A1E3-1E1D0DE9CDEE}.Debug|Any CPU.Build.0 = Debug|Any CPU
		{AC01E768-678E-4CC6-A1E3-1E1D0DE9CDEE}.Release|Any CPU.ActiveCfg = Release|Any CPU
		{AC01E768-678E-4CC6-A1E3-1E1D0DE9CDEE}.Release|Any CPU.Build.0 = Release|Any CPU
		{4478B420-0F70-4FFC-8DE7-0504BC4B6A87}.Debug|Any CPU.ActiveCfg = Debug|Any CPU
		{4478B420-0F70-4FFC-8DE7-0504BC4B6A87}.Debug|Any CPU.Build.0 = Debug|Any CPU
		{4478B420-0F70-4FFC-8DE7-0504BC4B6A87}.Release|Any CPU.ActiveCfg = Release|Any CPU
		{4478B420-0F70-4FFC-8DE7-0504BC4B6A87}.Release|Any CPU.Build.0 = Release|Any CPU
	EndGlobalSection
	GlobalSection(SolutionProperties) = preSolution
		HideSolutionNode = FALSE
	EndGlobalSection
	GlobalSection(ExtensibilityGlobals) = postSolution
		SolutionGuid = {B33E53C5-A78A-494B-85F6-3764C5EDA8D5}
	EndGlobalSection
EndGlobal
